
Microsoft Visual Studio Solution File, Format Version 12.00
# Visual Studio 15
VisualStudioVersion = 15.0.27130.2036
MinimumVisualStudioVersion = 10.0.40219.1
Project("{FAE04EC0-301F-11D3-BF4B-00C04F79EFBC}") = "whileLoopDemo2", "whileLoopDemo2\whileLoopDemo2.csproj", "{14717D39-553B-4973-92D9-EB641BEFF89B}"
EndProject
Global
	GlobalSection(SolutionConfigurationPlatforms) = preSolution
		Debug|Any CPU = Debug|Any CPU
		Release|Any CPU = Release|Any CPU
	EndGlobalSection
	GlobalSection(ProjectConfigurationPlatforms) = postSolution
		{14717D39-553B-4973-92D9-EB641BEFF89B}.Debug|Any CPU.ActiveCfg = Debug|Any CPU
		{14717D39-553B-4973-92D9-EB641BEFF89B}.Debug|Any CPU.Build.0 = Debug|Any CPU
		{14717D39-553B-4973-92D9-EB641BEFF89B}.Release|Any CPU.ActiveCfg = Release|Any CPU
		{14717D39-553B-4973-92D9-EB641BEFF89B}.Release|Any CPU.Build.0 = Release|Any CPU
	EndGlobalSection
	GlobalSection(SolutionProperties) = preSolution
		HideSolutionNode = FALSE
	EndGlobalSection
	GlobalSection(ExtensibilityGlobals) = postSolution
		SolutionGuid = {A917BA20-6F62-4C85-BBFE-193AC4D3437A}
	EndGlobalSection
EndGlobal
