
Microsoft Visual Studio Solution File, Format Version 12.00
# Visual Studio 15
VisualStudioVersion = 15.0.27130.2036
MinimumVisualStudioVersion = 10.0.40219.1
Project("{FAE04EC0-301F-11D3-BF4B-00C04F79EFBC}") = "doWhileLoop", "doWhileLoop\doWhileLoop.csproj", "{EB2A44A9-C54D-4A58-94E1-102E639055C2}"
EndProject
Global
	GlobalSection(SolutionConfigurationPlatforms) = preSolution
		Debug|Any CPU = Debug|Any CPU
		Release|Any CPU = Release|Any CPU
	EndGlobalSection
	GlobalSection(ProjectConfigurationPlatforms) = postSolution
		{EB2A44A9-C54D-4A58-94E1-102E639055C2}.Debug|Any CPU.ActiveCfg = Debug|Any CPU
		{EB2A44A9-C54D-4A58-94E1-102E639055C2}.Debug|Any CPU.Build.0 = Debug|Any CPU
		{EB2A44A9-C54D-4A58-94E1-102E639055C2}.Release|Any CPU.ActiveCfg = Release|Any CPU
		{EB2A44A9-C54D-4A58-94E1-102E639055C2}.Release|Any CPU.Build.0 = Release|Any CPU
	EndGlobalSection
	GlobalSection(SolutionProperties) = preSolution
		HideSolutionNode = FALSE
	EndGlobalSection
	GlobalSection(ExtensibilityGlobals) = postSolution
		SolutionGuid = {5041E763-EF2D-408B-8C04-9B5E57305D17}
	EndGlobalSection
EndGlobal
